
Microsoft Visual Studio Solution File, Format Version 12.00
# Visual Studio Version 17
VisualStudioVersion = 17.12.35707.178 d17.12
MinimumVisualStudioVersion = 10.0.40219.1
Project("{FAE04EC0-301F-11D3-BF4B-00C04F79EFBC}") = "SleepDrives", "SleepDrives\SleepDrives.csproj", "{758E5F6C-35FD-461C-8511-358C4E3B121A}"
EndProject
Project("{FAE04EC0-301F-11D3-BF4B-00C04F79EFBC}") = "SleepDrives.Tests", "SleepDrives.Tests\SleepDrives.Tests.csproj", "{244F3A7F-34B2-4C88-80F5-FF3F88B7D253}"
EndProject
Global
	GlobalSection(SolutionConfigurationPlatforms) = preSolution
		Debug|Any CPU = Debug|Any CPU
		Release|Any CPU = Release|Any CPU
	EndGlobalSection
	GlobalSection(ProjectConfigurationPlatforms) = postSolution
		{758E5F6C-35FD-461C-8511-358C4E3B121A}.Debug|Any CPU.ActiveCfg = Debug|Any CPU
		{758E5F6C-35FD-461C-8511-358C4E3B121A}.Debug|Any CPU.Build.0 = Debug|Any CPU
		{758E5F6C-35FD-461C-8511-358C4E3B121A}.Release|Any CPU.ActiveCfg = Release|Any CPU
		{758E5F6C-35FD-461C-8511-358C4E3B121A}.Release|Any CPU.Build.0 = Release|Any CPU
		{244F3A7F-34B2-4C88-80F5-FF3F88B7D253}.Debug|Any CPU.ActiveCfg = Debug|Any CPU
		{244F3A7F-34B2-4C88-80F5-FF3F88B7D253}.Debug|Any CPU.Build.0 = Debug|Any CPU
		{244F3A7F-34B2-4C88-80F5-FF3F88B7D253}.Release|Any CPU.ActiveCfg = Release|Any CPU
		{244F3A7F-34B2-4C88-80F5-FF3F88B7D253}.Release|Any CPU.Build.0 = Release|Any CPU
	EndGlobalSection
	GlobalSection(SolutionProperties) = preSolution
		HideSolutionNode = FALSE
	EndGlobalSection
EndGlobal
